Microsoft Visual Studio Solution File, Format Version 12.00
# Visual Studio 2012
Project("{FAE04EC0-301F-11D3-BF4B-00C04F79EFBC}") = "rogueKnight", "rogueKnight.csproj", "{CFC85E83-BEE3-4BA8-B481-B5D09E028813}"
EndProject
Global
	GlobalSection(SolutionConfigurationPlatforms) = preSolution
	Debug|Any CPU = Debug|Any CPU
	ExportDebug|Any CPU = ExportDebug|Any CPU
	ExportRelease|Any CPU = ExportRelease|Any CPU
	EndGlobalSection
	GlobalSection(ProjectConfigurationPlatforms) = postSolution
		{CFC85E83-BEE3-4BA8-B481-B5D09E028813}.Debug|Any CPU.ActiveCfg = Debug|Any CPU
		{CFC85E83-BEE3-4BA8-B481-B5D09E028813}.Debug|Any CPU.Build.0 = Debug|Any CPU
		{CFC85E83-BEE3-4BA8-B481-B5D09E028813}.ExportDebug|Any CPU.ActiveCfg = ExportDebug|Any CPU
		{CFC85E83-BEE3-4BA8-B481-B5D09E028813}.ExportDebug|Any CPU.Build.0 = ExportDebug|Any CPU
		{CFC85E83-BEE3-4BA8-B481-B5D09E028813}.ExportRelease|Any CPU.ActiveCfg = ExportRelease|Any CPU
		{CFC85E83-BEE3-4BA8-B481-B5D09E028813}.ExportRelease|Any CPU.Build.0 = ExportRelease|Any CPU
	EndGlobalSection
EndGlobal
